
Microsoft Visual Studio Solution File, Format Version 12.00
# Visual Studio Version 17
VisualStudioVersion = 17.4.33205.214
MinimumVisualStudioVersion = 10.0.40219.1
Project("{FAE04EC0-301F-11D3-BF4B-00C04F79EFBC}") = "ImageGalleries.WebApi", "ImageGalleries.WebApi\ImageGalleries.WebApi.csproj", "{66F9CAC6-699D-4F94-AD3F-6720CDB7E1E5}"
EndProject
Project("{FAE04EC0-301F-11D3-BF4B-00C04F79EFBC}") = "ImageGalleries.WebApi.Tests", "ImageGalleries.WebApi.Tests\ImageGalleries.WebApi.Tests.csproj", "{B75492F8-EE37-4F4E-B025-7BBDFA049BEC}"
EndProject
Global
	GlobalSection(SolutionConfigurationPlatforms) = preSolution
		Debug|Any CPU = Debug|Any CPU
		Release|Any CPU = Release|Any CPU
	EndGlobalSection
	GlobalSection(ProjectConfigurationPlatforms) = postSolution
		{66F9CAC6-699D-4F94-AD3F-6720CDB7E1E5}.Debug|Any CPU.ActiveCfg = Debug|Any CPU
		{66F9CAC6-699D-4F94-AD3F-6720CDB7E1E5}.Debug|Any CPU.Build.0 = Debug|Any CPU
		{66F9CAC6-699D-4F94-AD3F-6720CDB7E1E5}.Release|Any CPU.ActiveCfg = Release|Any CPU
		{66F9CAC6-699D-4F94-AD3F-6720CDB7E1E5}.Release|Any CPU.Build.0 = Release|Any CPU
		{B75492F8-EE37-4F4E-B025-7BBDFA049BEC}.Debug|Any CPU.ActiveCfg = Debug|Any CPU
		{B75492F8-EE37-4F4E-B025-7BBDFA049BEC}.Debug|Any CPU.Build.0 = Debug|Any CPU
		{B75492F8-EE37-4F4E-B025-7BBDFA049BEC}.Release|Any CPU.ActiveCfg = Release|Any CPU
		{B75492F8-EE37-4F4E-B025-7BBDFA049BEC}.Release|Any CPU.Build.0 = Release|Any CPU
	EndGlobalSection
	GlobalSection(SolutionProperties) = preSolution
		HideSolutionNode = FALSE
	EndGlobalSection
	GlobalSection(ExtensibilityGlobals) = postSolution
		SolutionGuid = {D9240074-87CB-419A-9730-F575A8819ACA}
	EndGlobalSection
EndGlobal
